// !$*UTF8*$!
{
	archiveVersion = 1;
	classes = {
	};
	objectVersion = 48;
	objects = {

/* Begin PBXBuildFile section */
		4057F7EC202B6D5100105F39 /* AppDelegate.swift in Sources */ = {isa = PBXBuildFile; fileRef = 4057F7EB202B6D5100105F39 /* AppDelegate.swift */; };
		4057F7F1202B6D5100105F39 /* Main.storyboard in Resources */ = {isa = PBXBuildFile; fileRef = 4057F7EF202B6D5100105F39 /* Main.storyboard */; };
		4057F7F3202B6D5100105F39 /* Assets.xcassets in Resources */ = {isa = PBXBuildFile; fileRef = 4057F7F2202B6D5100105F39 /* Assets.xcassets */; };
		4057F7F6202B6D5100105F39 /* LaunchScreen.storyboard in Resources */ = {isa = PBXBuildFile; fileRef = 4057F7F4202B6D5100105F39 /* LaunchScreen.storyboard */; };
		4057F802202B713200105F39 /* ViewController.swift in Sources */ = {isa = PBXBuildFile; fileRef = 4057F801202B713200105F39 /* ViewController.swift */; };
		40A4AC5920374EDD00E7FD87 /* ScoreViewController.swift in Sources */ = {isa = PBXBuildFile; fileRef = 40A4AC5820374EDD00E7FD87 /* ScoreViewController.swift */; };
/* End PBXBuildFile section */

/* Begin PBXFileReference section */
		4057F7E8202B6D5100105F39 /* ScoreCounter.app */ = {isa = PBXFileReference; explicitFileType = wrapper.application; includeInIndex = 0; path = ScoreCounter.app; sourceTree = BUILT_PRODUCTS_DIR; };
		4057F7EB202B6D5100105F39 /* AppDelegate.swift */ = {isa = PBXFileReference; lastKnownFileType = sourcecode.swift; path = AppDelegate.swift; sourceTree = "<group>"; };
		4057F7F0202B6D5100105F39 /* Base */ = {isa = PBXFileReference; lastKnownFileType = file.storyboard; name = Base; path = Base.lproj/Main.storyboard; sourceTree = "<group>"; };
		4057F7F2202B6D5100105F39 /* Assets.xcassets */ = {isa = PBXFileReference; lastKnownFileType = folder.assetcatalog; path = Assets.xcassets; sourceTree = "<group>"; };
		4057F7F5202B6D5100105F39 /* Base */ = {isa = PBXFileReference; lastKnownFileType = file.storyboard; name = Base; path = Base.lproj/LaunchScreen.storyboard; sourceTree = "<group>"; };
		4057F7F7202B6D5100105F39 /* Info.plist */ = {isa = PBXFileReference; lastKnownFileType = text.plist.xml; path = Info.plist; sourceTree = "<group>"; };
		4057F801202B713200105F39 /* ViewController.swift */ = {isa = PBXFileReference; lastKnownFileType = sourcecode.swift; path = ViewController.swift; sourceTree = "<group>"; };
		40A4AC5820374EDD00E7FD87 /* ScoreViewController.swift */ = {isa = PBXFileReference; lastKnownFileType = sourcecode.swift; path = ScoreViewController.swift; sourceTree = "<group>"; };
/* End PBXFileReference section */

/* Begin PBXFrameworksBuildPhase section */
		4057F7E5202B6D5100105F39 /* Frameworks */ = {
			isa = PBXFrameworksBuildPhase;
			buildActionMask = 2147483647;
			files = (
			);
			runOnlyForDeploymentPostprocessing = 0;
		};
/* End PBXFrameworksBuildPhase section */

/* Begin PBXGroup section */
		4057F7DF202B6D5100105F39 = {
			isa = PBXGroup;
			children = (
				4057F7EA202B6D5100105F39 /* ScoreCounter */,
				4057F7E9202B6D5100105F39 /* Products */,
			);
			sourceTree = "<group>";
		};
		4057F7E9202B6D5100105F39 /* Products */ = {
			isa = PBXGroup;
			children = (
				4057F7E8202B6D5100105F39 /* ScoreCounter.app */,
			);
			name = Products;
			sourceTree = "<group>";
		};
		4057F7EA202B6D5100105F39 /* ScoreCounter */ = {
			isa = PBXGroup;
			children = (
				4057F801202B713200105F39 /* ViewController.swift */,
				40A4AC5820374EDD00E7FD87 /* ScoreViewController.swift */,
				4057F7EB202B6D5100105F39 /* AppDelegate.swift */,
				4057F7EF202B6D5100105F39 /* Main.storyboard */,
				4057F7F2202B6D5100105F39 /* Assets.xcassets */,
				4057F7F4202B6D5100105F39 /* LaunchScreen.storyboard */,
				4057F7F7202B6D5100105F39 /* Info.plist */,
			);
			path = ScoreCounter;
			sourceTree = "<group>";
		};
/* End PBXGroup section */

/* Begin PBXNativeTarget section */
		4057F7E7202B6D5100105F39 /* ScoreCounter */ = {
			isa = PBXNativeTarget;
			buildConfigurationList = 4057F7FA202B6D5100105F39 /* Build configuration list for PBXNativeTarget "ScoreCounter" */;
			buildPhases = (
				4057F7E4202B6D5100105F39 /* Sources */,
				4057F7E5202B6D5100105F39 /* Frameworks */,
				4057F7E6202B6D5100105F39 /* Resources */,
			);
			buildRules = (
			);
			dependencies = (
			);
			name = ScoreCounter;
			productName = ScoreCounter;
			productReference = 4057F7E8202B6D5100105F39 /* ScoreCounter.app */;
			productType = "com.apple.product-type.application";
		};
/* End PBXNativeTarget section */

/* Begin PBXProject section */
		4057F7E0202B6D5100105F39 /* Project object */ = {
			isa = PBXProject;
			attributes = {
				LastSwiftUpdateCheck = 0920;
				LastUpgradeCheck = 0920;
				TargetAttributes = {
					4057F7E7202B6D5100105F39 = {
						CreatedOnToolsVersion = 9.2;
						ProvisioningStyle = Automatic;
					};
				};
			};
			buildConfigurationList = 4057F7E3202B6D5100105F39 /* Build configuration list for PBXProject "ScoreCounter" */;
			compatibilityVersion = "Xcode 8.0";
			developmentRegion = en;
			hasScannedForEncodings = 0;
			knownRegions = (
				en,
				Base,
			);
			mainGroup = 4057F7DF202B6D5100105F39;
			productRefGroup = 4057F7E9202B6D5100105F39 /* Products */;
			projectDirPath = "";
			projectRoot = "";
			targets = (
				4057F7E7202B6D5100105F39 /* ScoreCounter */,
			);
		};
/* End PBXProject section */

/* Begin PBXResourcesBuildPhase section */
		4057F7E6202B6D5100105F39 /* Resources */ = {
			isa = PBXResourcesBuildPhase;
			buildActionMask = 2147483647;
			files = (
				4057F7F6202B6D5100105F39 /* LaunchScreen.storyboard in Resources */,
				4057F7F3202B6D5100105F39 /* Assets.xcassets in Resources */,
				4057F7F1202B6D5100105F39 /* Main.storyboard in Resources */,
			);
			runOnlyForDeploymentPostprocessing = 0;
		};
/* End PBXResourcesBuildPhase section */

/* Begin PBXSourcesBuildPhase section */
		4057F7E4202B6D5100105F39 /* Sources */ = {
			isa = PBXSourcesBuildPhase;
			buildActionMask = 2147483647;
			files = (
				4057F802202B713200105F39 /* ViewController.swift in Sources */,
				4057F7EC202B6D5100105F39 /* AppDelegate.swift in Sources */,
				40A4AC5920374EDD00E7FD87 /* ScoreViewController.swift in Sources */,
			);
			runOnlyForDeploymentPostprocessing = 0;
		};
/* End PBXSourcesBuildPhase section */

/* Begin PBXVariantGroup section */
		4057F7EF202B6D5100105F39 /* Main.storyboard */ = {
			isa = PBXVariantGroup;
			children = (
				4057F7F0202B6D5100105F39 /* Base */,
			);
			name = Main.storyboard;
			sourceTree = "<group>";
		};
		4057F7F4202B6D5100105F39 /* LaunchScreen.storyboard */ = {
			isa = PBXVariantGroup;
			children = (
				4057F7F5202B6D5100105F39 /* Base */,
			);
			name = LaunchScreen.storyboard;
			sourceTree = "<group>";
		};
/* End PBXVariantGroup section */

/* Begin XCBuildConfiguration section */
		4057F7F8202B6D5100105F39 /* Debug */ = {
			isa = XCBuildConfiguration;
			buildSettings = {
				ALWAYS_SEARCH_USER_PATHS = NO;
				CLANG_ANALYZER_NONNULL = YES;
				CLANG_ANALYZER_NUMBER_OBJECT_CONVERSION = YES_AGGRESSIVE;
				CLANG_CXX_LANGUAGE_STANDARD = "gnu++14";
				CLANG_CXX_LIBRARY = "libc++";
				CLANG_ENABLE_MODULES = YES;
				CLANG_ENABLE_OBJC_ARC = YES;
				CLANG_WARN_BLOCK_CAPTURE_AUTORELEASING = YES;
				CLANG_WARN_BOOL_CONVERSION = YES;
				CLANG_WARN_COMMA = YES;
				CLANG_WARN_CONSTANT_CONVERSION = YES;
				CLANG_WARN_DIRECT_OBJC_ISA_USAGE = YES_ERROR;
				CLANG_WARN_DOCUMENTATION_COMMENTS = YES;
				CLANG_WARN_EMPTY_BODY = YES;
				CLANG_WARN_ENUM_CONVERSION = YES;
				CLANG_WARN_INFINITE_RECURSION = YES;
				CLANG_WARN_INT_CONVERSION = YES;
				CLANG_WARN_NON_LITERAL_NULL_CONVERSION = YES;
				CLANG_WARN_OBJC_LITERAL_CONVERSION = YES;
				CLANG_WARN_OBJC_ROOT_CLASS = YES_ERROR;
				CLANG_WARN_RANGE_LOOP_ANALYSIS = YES;
				CLANG_WARN_STRICT_PROTOTYPES = YES;
				CLANG_WARN_SUSPICIOUS_MOVE = YES;
				CLANG_WARN_UNGUARDED_AVAILABILITY = YES_AGGRESSIVE;
				CLANG_WARN_UNREACHABLE_CODE = YES;
				CLANG_WARN__DUPLICATE_METHOD_MATCH = YES;
				CODE_SIGN_IDENTITY = "iPhone Developer";
				COPY_PHASE_STRIP = NO;
				DEBUG_INFORMATION_FORMAT = dwarf;
				ENABLE_STRICT_OBJC_MSGSEND = YES;
				ENABLE_TESTABILITY = YES;
				GCC_C_LANGUAGE_STANDARD = gnu11;
				GCC_DYNAMIC_NO_PIC = NO;
				GCC_NO_COMMON_BLOCKS = YES;
				GCC_OPTIMIZATION_LEVEL = 0;
				GCC_PREPROCESSOR_DEFINITIONS = (
					"DEBUG=1",
					"$(inherited)",
				);
				GCC_WARN_64_TO_32_BIT_CONVERSION = YES;
				GCC_WARN_ABOUT_RETURN_TYPE = YES_ERROR;
				GCC_WARN_UNDECLARED_SELECTOR = YES;
				GCC_WARN_UNINITIALIZED_AUTOS = YES_AGGRESSIVE;
				GCC_WARN_UNUSED_FUNCTION = YES;
				GCC_WARN_UNUSED_VARIABLE = YES;
				IPHONEOS_DEPLOYMENT_TARGET = 11.2;
				MTL_ENABLE_DEBUG_INFO = YES;
				ONLY_ACTIVE_ARCH = YES;
				SDKROOT = iphoneos;
				SWIFT_ACTIVE_COMPILATION_CONDITIONS = DEBUG;
				SWIFT_OPTIMIZATION_LEVEL = "-Onone";
			};
			name = Debug;
		};
		4057F7F9202B6D5100105F39 /* Release */ = {
			isa = XCBuildConfiguration;
			buildSettings = {
				ALWAYS_SEARCH_USER_PATHS = NO;
				CLANG_ANALYZER_NONNULL = YES;
				CLANG_ANALYZER_NUMBER_OBJECT_CONVERSION = YES_AGGRESSIVE;
				CLANG_CXX_LANGUAGE_STANDARD = "gnu++14";
				CLANG_CXX_LIBRARY = "libc++";
				CLANG_ENABLE_MODULES = YES;
				CLANG_ENABLE_OBJC_ARC = YES;
				CLANG_WARN_BLOCK_CAPTURE_AUTORELEASING = YES;
				CLANG_WARN_BOOL_CONVERSION = YES;
				CLANG_WARN_COMMA = YES;
				CLANG_WARN_CONSTANT_CONVERSION = YES;
				CLANG_WARN_DIRECT_OBJC_ISA_USAGE = YES_ERROR;
				CLANG_WARN_DOCUMENTATION_COMMENTS = YES;
				CLANG_WARN_EMPTY_BODY = YES;
				CLANG_WARN_ENUM_CONVERSION = YES;
				CLANG_WARN_INFINITE_RECURSION = YES;
				CLANG_WARN_INT_CONVERSION = YES;
				CLANG_WARN_NON_LITERAL_NULL_CONVERSION = YES;
				CLANG_WARN_OBJC_LITERAL_CONVERSION = YES;
				CLANG_WARN_OBJC_ROOT_CLASS = YES_ERROR;
				CLANG_WARN_RANGE_LOOP_ANALYSIS = YES;
				CLANG_WARN_STRICT_PROTOTYPES = YES;
				CLANG_WARN_SUSPICIOUS_MOVE = YES;
				CLANG_WARN_UNGUARDED_AVAILABILITY = YES_AGGRESSIVE;
				CLANG_WARN_UNREACHABLE_CODE = YES;
				CLANG_WARN__DUPLICATE_METHOD_MATCH = YES;
				CODE_SIGN_IDENTITY = "iPhone Developer";
				COPY_PHASE_STRIP = NO;
				DEBUG_INFORMATION_FORMAT = "dwarf-with-dsym";
				ENABLE_NS_ASSERTIONS = NO;
				ENABLE_STRICT_OBJC_MSGSEND = YES;
				GCC_C_LANGUAGE_STANDARD = gnu11;
				GCC_NO_COMMON_BLOCKS = YES;
				GCC_WARN_64_TO_32_BIT_CONVERSION = YES;
				GCC_WARN_ABOUT_RETURN_TYPE = YES_ERROR;
				GCC_WARN_UNDECLARED_SELECTOR = YES;
				GCC_WARN_UNINITIALIZED_AUTOS = YES_AGGRESSIVE;
				GCC_WARN_UNUSED_FUNCTION = YES;
				GCC_WARN_UNUSED_VARIABLE = YES;
				IPHONEOS_DEPLOYMENT_TARGET = 11.2;
				MTL_ENABLE_DEBUG_INFO = NO;
				SDKROOT = iphoneos;
				SWIFT_OPTIMIZATION_LEVEL = "-Owholemodule";
				VALIDATE_PRODUCT = YES;
			};
			name = Release;
		};
		4057F7FB202B6D5100105F39 /* Debug */ = {
			isa = XCBuildConfiguration;
			buildSettings = {
				ASSETCATALOG_COMPILER_APPICON_NAME = AppIcon;
				CODE_SIGN_STYLE = Automatic;
				DEVELOPMENT_TEAM = A58L6C98SP;
				INFOPLIST_FILE = ScoreCounter/Info.plist;
				LD_RUNPATH_SEARCH_PATHS = "$(inherited) @executable_path/Frameworks";
				PRODUCT_BUNDLE_IDENTIFIER = com.example.ScoreCounter;
				PRODUCT_NAME = "$(TARGET_NAME)";
				SWIFT_VERSION = 4.0;
				TARGETED_DEVICE_FAMILY = "1,2";
			};
			name = Debug;
		};
		4057F7FC202B6D5100105F39 /* Release */ = {
			isa = XCBuildConfiguration;
			buildSettings = {
				ASSETCATALOG_COMPILER_APPICON_NAME = AppIcon;
				CODE_SIGN_STYLE = Automatic;
				DEVELOPMENT_TEAM = A58L6C98SP;
				INFOPLIST_FILE = ScoreCounter/Info.plist;
				LD_RUNPATH_SEARCH_PATHS = "$(inherited) @executable_path/Frameworks";
				PRODUCT_BUNDLE_IDENTIFIER = com.example.ScoreCounter;
				PRODUCT_NAME = "$(TARGET_NAME)";
				SWIFT_VERSION = 4.0;
				TARGETED_DEVICE_FAMILY = "1,2";
			};
			name = Release;
		};
/* End XCBuildConfiguration section */

/* Begin XCConfigurationList section */
		4057F7E3202B6D5100105F39 /* Build configuration list for PBXProject "ScoreCounter" */ = {
			isa = XCConfigurationList;
			buildConfigurations = (
				4057F7F8202B6D5100105F39 /* Debug */,
				4057F7F9202B6D5100105F39 /* Release */,
			);
			defaultConfigurationIsVisible = 0;
			defaultConfigurationName = Release;
		};
		4057F7FA202B6D5100105F39 /* Build configuration list for PBXNativeTarget "ScoreCounter" */ = {
			isa = XCConfigurationList;
			buildConfigurations = (
				4057F7FB202B6D5100105F39 /* Debug */,
				4057F7FC202B6D5100105F39 /* Release */,
			);
			defaultConfigurationIsVisible = 0;
			defaultConfigurationName = Release;
		};
/* End XCConfigurationList section */
	};
	rootObject = 4057F7E0202B6D5100105F39 /* Project object */;
}
